{
  "name": "winrsbox",
  "version": "0.2.0",
  "lockfileVersion": 3,
  "requires": true,
  "packages": {
    "": {
      "name": "winrsbox",
      "version": "0.2.0",
      "cpu": [
        "x64"
      ],
      "hasInstallScript": true,
      "license": "MIT OR Apache-2.0",
      "os": [
        "win32"
      ],
      "bin": {
        "winrsbox": "scripts/winrsbox-cli.js"
      },
      "engines": {
        "node": ">=16"
      }
    }
  }
}
